
Microsoft Visual Studio Solution File, Format Version 12.00
# Visual Studio 14
VisualStudioVersion = 14.0.23107.0
MinimumVisualStudioVersion = 10.0.40219.1
Project("{FAE04EC0-301F-11D3-BF4B-00C04F79EFBC}") = "ERPman", "ERPman\ERPman.csproj", "{D462EEB8-D044-43A2-9768-AF98C40D5411}"
EndProject
Project("{2150E333-8FDC-42A3-9474-1A3956D46DE8}") = "BasicInfo", "BasicInfo", "{A01FDBA0-C15C-4B9B-8423-D4485BE5CA37}"
EndProject
Project("{2150E333-8FDC-42A3-9474-1A3956D46DE8}") = "FrameWork", "FrameWork", "{12A2B5DF-3515-49BE-A4F4-BD7CF7103872}"
EndProject
Project("{2150E333-8FDC-42A3-9474-1A3956D46DE8}") = "Domain", "Domain", "{939FD7EF-932B-400A-BE90-282903A74177}"
EndProject
Project("{FAE04EC0-301F-11D3-BF4B-00C04F79EFBC}") = "Basicinfo.Domain", "Basicinfo.Domain\Basicinfo.Domain.csproj", "{5A8D5816-DFAB-4D81-A7C1-181493F60868}"
EndProject
Project("{FAE04EC0-301F-11D3-BF4B-00C04F79EFBC}") = "Framework.Domain", "Framework.Domain\Framework.Domain.csproj", "{43EA63BD-AD07-4291-9FC5-97497174CDC0}"
EndProject
Project("{FAE04EC0-301F-11D3-BF4B-00C04F79EFBC}") = "Framework.NHibernate", "Framework.NHibernate\Framework.NHibernate.csproj", "{E52566BA-44C1-4976-8B69-8F20B437823F}"
EndProject
Project("{2150E333-8FDC-42A3-9474-1A3956D46DE8}") = "infrastructure", "infrastructure", "{F0012273-1CF5-4416-85BA-11421CEF2EED}"
EndProject
Project("{FAE04EC0-301F-11D3-BF4B-00C04F79EFBC}") = "Basicinfo.PersistenceNH", "Basicinfo.PersistenceNH\Basicinfo.PersistenceNH.csproj", "{D7D6DF37-1B37-4795-9F87-D137D21E6E83}"
EndProject
Project("{FAE04EC0-301F-11D3-BF4B-00C04F79EFBC}") = "Basicinfo.Wireup", "Basicinfo.Wireup\Basicinfo.Wireup.csproj", "{01FF83DB-6C3A-467C-8ED6-8EC17A9972A5}"
EndProject
Project("{2150E333-8FDC-42A3-9474-1A3956D46DE8}") = "Application", "Application", "{2BB6BBAF-5FDA-4E89-BD80-6C7BBEB209A3}"
EndProject
Project("{FAE04EC0-301F-11D3-BF4B-00C04F79EFBC}") = "Basicinfo.Application", "Basicinfo.Application\Basicinfo.Application.csproj", "{BF088577-934C-4720-99FA-A90D949FC900}"
EndProject
Project("{FAE04EC0-301F-11D3-BF4B-00C04F79EFBC}") = "Basicinfo.Application.Contract", "Basicinfo.Application.Contract\Basicinfo.Application.Contract.csproj", "{6C7AC37B-D6AF-4A02-83C1-5527D9FAF73F}"
EndProject
Project("{FAE04EC0-301F-11D3-BF4B-00C04F79EFBC}") = "Framework.Application", "Framework.Application\Framework.Application.csproj", "{BC1D7261-890E-49B8-A6AA-9B11C8F83F21}"
EndProject
Project("{FAE04EC0-301F-11D3-BF4B-00C04F79EFBC}") = "Framework.Core", "Framework.Core\Framework.Core.csproj", "{CDD8D1F9-FF0F-4642-9E68-B4EE84489DB7}"
EndProject
Project("{FAE04EC0-301F-11D3-BF4B-00C04F79EFBC}") = "Framework.CastleWindsor", "Framework.CastleWindsor\Framework.CastleWindsor.csproj", "{77206323-75FE-444A-9683-587BB6924014}"
EndProject
Project("{FAE04EC0-301F-11D3-BF4B-00C04F79EFBC}") = "Basicinfo.PersistenceEF", "Basicinfo.PersistenceEF\Basicinfo.PersistenceEF.csproj", "{E3835C49-64C2-4F31-A247-AAAC1B7FB73C}"
EndProject
Project("{2150E333-8FDC-42A3-9474-1A3956D46DE8}") = "Interface", "Interface", "{5ED9C88E-BF56-4112-A2AE-DE1A80D49E39}"
EndProject
Project("{FAE04EC0-301F-11D3-BF4B-00C04F79EFBC}") = "Basicinfo.Interface.RestApi", "Basicinfo.Interface.RestApi\Basicinfo.Interface.RestApi.csproj", "{DDC44545-8646-4A5E-86E3-2F93A44F61FB}"
EndProject
Project("{FAE04EC0-301F-11D3-BF4B-00C04F79EFBC}") = "Basicinfo.Interface.Facade.Command", "Basicinfo.Interface.CommandController\Basicinfo.Interface.Facade.Command.csproj", "{D842A845-0346-43D3-BE5D-78DBEE23DD8F}"
EndProject
Project("{FAE04EC0-301F-11D3-BF4B-00C04F79EFBC}") = "Basicinfo.Interface.Facade.Contract", "Basicinfo.Interface.Facade.Contract\Basicinfo.Interface.Facade.Contract.csproj", "{9B0D88F2-0166-41D8-AFB8-67236E43F520}"
EndProject
Project("{FAE04EC0-301F-11D3-BF4B-00C04F79EFBC}") = "Basicinfo.Interface.Facade.Query", "Basicinfo.Interface.Facade.Query\Basicinfo.Interface.Facade.Query.csproj", "{C4D512F6-645B-4657-B9F1-C9706704B808}"
EndProject
Global
	GlobalSection(SolutionConfigurationPlatforms) = preSolution
		Debug|Any CPU = Debug|Any CPU
		Release|Any CPU = Release|Any CPU
	EndGlobalSection
	GlobalSection(ProjectConfigurationPlatforms) = postSolution
		{D462EEB8-D044-43A2-9768-AF98C40D5411}.Debug|Any CPU.ActiveCfg = Debug|Any CPU
		{D462EEB8-D044-43A2-9768-AF98C40D5411}.Debug|Any CPU.Build.0 = Debug|Any CPU
		{D462EEB8-D044-43A2-9768-AF98C40D5411}.Release|Any CPU.ActiveCfg = Release|Any CPU
		{D462EEB8-D044-43A2-9768-AF98C40D5411}.Release|Any CPU.Build.0 = Release|Any CPU
		{5A8D5816-DFAB-4D81-A7C1-181493F60868}.Debug|Any CPU.ActiveCfg = Debug|Any CPU
		{5A8D5816-DFAB-4D81-A7C1-181493F60868}.Debug|Any CPU.Build.0 = Debug|Any CPU
		{5A8D5816-DFAB-4D81-A7C1-181493F60868}.Release|Any CPU.ActiveCfg = Release|Any CPU
		{5A8D5816-DFAB-4D81-A7C1-181493F60868}.Release|Any CPU.Build.0 = Release|Any CPU
		{43EA63BD-AD07-4291-9FC5-97497174CDC0}.Debug|Any CPU.ActiveCfg = Debug|Any CPU
		{43EA63BD-AD07-4291-9FC5-97497174CDC0}.Debug|Any CPU.Build.0 = Debug|Any CPU
		{43EA63BD-AD07-4291-9FC5-97497174CDC0}.Release|Any CPU.ActiveCfg = Release|Any CPU
		{43EA63BD-AD07-4291-9FC5-97497174CDC0}.Release|Any CPU.Build.0 = Release|Any CPU
		{E52566BA-44C1-4976-8B69-8F20B437823F}.Debug|Any CPU.ActiveCfg = Debug|Any CPU
		{E52566BA-44C1-4976-8B69-8F20B437823F}.Debug|Any CPU.Build.0 = Debug|Any CPU
		{E52566BA-44C1-4976-8B69-8F20B437823F}.Release|Any CPU.ActiveCfg = Release|Any CPU
		{E52566BA-44C1-4976-8B69-8F20B437823F}.Release|Any CPU.Build.0 = Release|Any CPU
		{D7D6DF37-1B37-4795-9F87-D137D21E6E83}.Debug|Any CPU.ActiveCfg = Debug|Any CPU
		{D7D6DF37-1B37-4795-9F87-D137D21E6E83}.Debug|Any CPU.Build.0 = Debug|Any CPU
		{D7D6DF37-1B37-4795-9F87-D137D21E6E83}.Release|Any CPU.ActiveCfg = Release|Any CPU
		{D7D6DF37-1B37-4795-9F87-D137D21E6E83}.Release|Any CPU.Build.0 = Release|Any CPU
		{01FF83DB-6C3A-467C-8ED6-8EC17A9972A5}.Debug|Any CPU.ActiveCfg = Debug|Any CPU
		{01FF83DB-6C3A-467C-8ED6-8EC17A9972A5}.Debug|Any CPU.Build.0 = Debug|Any CPU
		{01FF83DB-6C3A-467C-8ED6-8EC17A9972A5}.Release|Any CPU.ActiveCfg = Release|Any CPU
		{01FF83DB-6C3A-467C-8ED6-8EC17A9972A5}.Release|Any CPU.Build.0 = Release|Any CPU
		{BF088577-934C-4720-99FA-A90D949FC900}.Debug|Any CPU.ActiveCfg = Debug|Any CPU
		{BF088577-934C-4720-99FA-A90D949FC900}.Debug|Any CPU.Build.0 = Debug|Any CPU
		{BF088577-934C-4720-99FA-A90D949FC900}.Release|Any CPU.ActiveCfg = Release|Any CPU
		{BF088577-934C-4720-99FA-A90D949FC900}.Release|Any CPU.Build.0 = Release|Any CPU
		{6C7AC37B-D6AF-4A02-83C1-5527D9FAF73F}.Debug|Any CPU.ActiveCfg = Debug|Any CPU
		{6C7AC37B-D6AF-4A02-83C1-5527D9FAF73F}.Debug|Any CPU.Build.0 = Debug|Any CPU
		{6C7AC37B-D6AF-4A02-83C1-5527D9FAF73F}.Release|Any CPU.ActiveCfg = Release|Any CPU
		{6C7AC37B-D6AF-4A02-83C1-5527D9FAF73F}.Release|Any CPU.Build.0 = Release|Any CPU
		{BC1D7261-890E-49B8-A6AA-9B11C8F83F21}.Debug|Any CPU.ActiveCfg = Debug|Any CPU
		{BC1D7261-890E-49B8-A6AA-9B11C8F83F21}.Debug|Any CPU.Build.0 = Debug|Any CPU
		{BC1D7261-890E-49B8-A6AA-9B11C8F83F21}.Release|Any CPU.ActiveCfg = Release|Any CPU
		{BC1D7261-890E-49B8-A6AA-9B11C8F83F21}.Release|Any CPU.Build.0 = Release|Any CPU
		{CDD8D1F9-FF0F-4642-9E68-B4EE84489DB7}.Debug|Any CPU.ActiveCfg = Debug|Any CPU
		{CDD8D1F9-FF0F-4642-9E68-B4EE84489DB7}.Debug|Any CPU.Build.0 = Debug|Any CPU
		{CDD8D1F9-FF0F-4642-9E68-B4EE84489DB7}.Release|Any CPU.ActiveCfg = Release|Any CPU
		{CDD8D1F9-FF0F-4642-9E68-B4EE84489DB7}.Release|Any CPU.Build.0 = Release|Any CPU
		{77206323-75FE-444A-9683-587BB6924014}.Debug|Any CPU.ActiveCfg = Debug|Any CPU
		{77206323-75FE-444A-9683-587BB6924014}.Debug|Any CPU.Build.0 = Debug|Any CPU
		{77206323-75FE-444A-9683-587BB6924014}.Release|Any CPU.ActiveCfg = Release|Any CPU
		{77206323-75FE-444A-9683-587BB6924014}.Release|Any CPU.Build.0 = Release|Any CPU
		{E3835C49-64C2-4F31-A247-AAAC1B7FB73C}.Debug|Any CPU.ActiveCfg = Debug|Any CPU
		{E3835C49-64C2-4F31-A247-AAAC1B7FB73C}.Debug|Any CPU.Build.0 = Debug|Any CPU
		{E3835C49-64C2-4F31-A247-AAAC1B7FB73C}.Release|Any CPU.ActiveCfg = Release|Any CPU
		{E3835C49-64C2-4F31-A247-AAAC1B7FB73C}.Release|Any CPU.Build.0 = Release|Any CPU
		{DDC44545-8646-4A5E-86E3-2F93A44F61FB}.Debug|Any CPU.ActiveCfg = Debug|Any CPU
		{DDC44545-8646-4A5E-86E3-2F93A44F61FB}.Debug|Any CPU.Build.0 = Debug|Any CPU
		{DDC44545-8646-4A5E-86E3-2F93A44F61FB}.Release|Any CPU.ActiveCfg = Release|Any CPU
		{DDC44545-8646-4A5E-86E3-2F93A44F61FB}.Release|Any CPU.Build.0 = Release|Any CPU
		{D842A845-0346-43D3-BE5D-78DBEE23DD8F}.Debug|Any CPU.ActiveCfg = Debug|Any CPU
		{D842A845-0346-43D3-BE5D-78DBEE23DD8F}.Debug|Any CPU.Build.0 = Debug|Any CPU
		{D842A845-0346-43D3-BE5D-78DBEE23DD8F}.Release|Any CPU.ActiveCfg = Release|Any CPU
		{D842A845-0346-43D3-BE5D-78DBEE23DD8F}.Release|Any CPU.Build.0 = Release|Any CPU
		{9B0D88F2-0166-41D8-AFB8-67236E43F520}.Debug|Any CPU.ActiveCfg = Debug|Any CPU
		{9B0D88F2-0166-41D8-AFB8-67236E43F520}.Debug|Any CPU.Build.0 = Debug|Any CPU
		{9B0D88F2-0166-41D8-AFB8-67236E43F520}.Release|Any CPU.ActiveCfg = Release|Any CPU
		{9B0D88F2-0166-41D8-AFB8-67236E43F520}.Release|Any CPU.Build.0 = Release|Any CPU
		{C4D512F6-645B-4657-B9F1-C9706704B808}.Debug|Any CPU.ActiveCfg = Debug|Any CPU
		{C4D512F6-645B-4657-B9F1-C9706704B808}.Debug|Any CPU.Build.0 = Debug|Any CPU
		{C4D512F6-645B-4657-B9F1-C9706704B808}.Release|Any CPU.ActiveCfg = Release|Any CPU
		{C4D512F6-645B-4657-B9F1-C9706704B808}.Release|Any CPU.Build.0 = Release|Any CPU
	EndGlobalSection
	GlobalSection(SolutionProperties) = preSolution
		HideSolutionNode = FALSE
	EndGlobalSection
	GlobalSection(NestedProjects) = preSolution
		{939FD7EF-932B-400A-BE90-282903A74177} = {A01FDBA0-C15C-4B9B-8423-D4485BE5CA37}
		{5A8D5816-DFAB-4D81-A7C1-181493F60868} = {939FD7EF-932B-400A-BE90-282903A74177}
		{43EA63BD-AD07-4291-9FC5-97497174CDC0} = {12A2B5DF-3515-49BE-A4F4-BD7CF7103872}
		{E52566BA-44C1-4976-8B69-8F20B437823F} = {12A2B5DF-3515-49BE-A4F4-BD7CF7103872}
		{F0012273-1CF5-4416-85BA-11421CEF2EED} = {A01FDBA0-C15C-4B9B-8423-D4485BE5CA37}
		{D7D6DF37-1B37-4795-9F87-D137D21E6E83} = {F0012273-1CF5-4416-85BA-11421CEF2EED}
		{01FF83DB-6C3A-467C-8ED6-8EC17A9972A5} = {F0012273-1CF5-4416-85BA-11421CEF2EED}
		{2BB6BBAF-5FDA-4E89-BD80-6C7BBEB209A3} = {A01FDBA0-C15C-4B9B-8423-D4485BE5CA37}
		{BF088577-934C-4720-99FA-A90D949FC900} = {2BB6BBAF-5FDA-4E89-BD80-6C7BBEB209A3}
		{6C7AC37B-D6AF-4A02-83C1-5527D9FAF73F} = {2BB6BBAF-5FDA-4E89-BD80-6C7BBEB209A3}
		{BC1D7261-890E-49B8-A6AA-9B11C8F83F21} = {12A2B5DF-3515-49BE-A4F4-BD7CF7103872}
		{CDD8D1F9-FF0F-4642-9E68-B4EE84489DB7} = {12A2B5DF-3515-49BE-A4F4-BD7CF7103872}
		{77206323-75FE-444A-9683-587BB6924014} = {12A2B5DF-3515-49BE-A4F4-BD7CF7103872}
		{E3835C49-64C2-4F31-A247-AAAC1B7FB73C} = {F0012273-1CF5-4416-85BA-11421CEF2EED}
		{5ED9C88E-BF56-4112-A2AE-DE1A80D49E39} = {A01FDBA0-C15C-4B9B-8423-D4485BE5CA37}
		{DDC44545-8646-4A5E-86E3-2F93A44F61FB} = {5ED9C88E-BF56-4112-A2AE-DE1A80D49E39}
		{D842A845-0346-43D3-BE5D-78DBEE23DD8F} = {5ED9C88E-BF56-4112-A2AE-DE1A80D49E39}
		{9B0D88F2-0166-41D8-AFB8-67236E43F520} = {5ED9C88E-BF56-4112-A2AE-DE1A80D49E39}
		{C4D512F6-645B-4657-B9F1-C9706704B808} = {5ED9C88E-BF56-4112-A2AE-DE1A80D49E39}
	EndGlobalSection
EndGlobal
